
Microsoft Visual Studio Solution File, Format Version 11.00
# Visual Studio 2010
Project("{FAE04EC0-301F-11D3-BF4B-00C04F79EFBC}") = "Assembly-CSharp", "Assembly-CSharp.csproj", "{1eadb5a1-31a0-09db-7836-17a4ca6b8c64}"
EndProject
Project("{FAE04EC0-301F-11D3-BF4B-00C04F79EFBC}") = "Assembly-CSharp-Editor", "Assembly-CSharp-Editor.csproj", "{e2ed7c17-8b69-444c-35a1-b249ebcca65c}"
EndProject
Global
	GlobalSection(SolutionConfigurationPlatforms) = preSolution
		Debug|Any CPU = Debug|Any CPU
	EndGlobalSection
	GlobalSection(ProjectConfigurationPlatforms) = postSolution
		{1eadb5a1-31a0-09db-7836-17a4ca6b8c64}.Debug|Any CPU.ActiveCfg = Debug|Any CPU
		{1eadb5a1-31a0-09db-7836-17a4ca6b8c64}.Debug|Any CPU.Build.0 = Debug|Any CPU
		{e2ed7c17-8b69-444c-35a1-b249ebcca65c}.Debug|Any CPU.ActiveCfg = Debug|Any CPU
		{e2ed7c17-8b69-444c-35a1-b249ebcca65c}.Debug|Any CPU.Build.0 = Debug|Any CPU
	EndGlobalSection
	GlobalSection(SolutionProperties) = preSolution
		HideSolutionNode = FALSE
	EndGlobalSection
EndGlobal
